
Microsoft Visual Studio Solution File, Format Version 12.00
# Visual Studio Version 16
VisualStudioVersion = 16.0.31515.178
MinimumVisualStudioVersion = 10.0.40219.1
Project("{9A19103F-16F7-4668-BE54-9A1E7A4F7556}") = "StoreOperation.WebApi", "StoreOperation.WebApi\StoreOperation.WebApi.csproj", "{EE77FD84-E970-415F-B4F2-1A3FE0EF79BE}"
EndProject
Global
	GlobalSection(SolutionConfigurationPlatforms) = preSolution
		Debug|Any CPU = Debug|Any CPU
		Debug|iPhone = Debug|iPhone
		Debug|iPhoneSimulator = Debug|iPhoneSimulator
		Release|Any CPU = Release|Any CPU
		Release|iPhone = Release|iPhone
		Release|iPhoneSimulator = Release|iPhoneSimulator
	EndGlobalSection
	GlobalSection(ProjectConfigurationPlatforms) = postSolution
		{EE77FD84-E970-415F-B4F2-1A3FE0EF79BE}.Debug|Any CPU.ActiveCfg = Debug|Any CPU
		{EE77FD84-E970-415F-B4F2-1A3FE0EF79BE}.Debug|Any CPU.Build.0 = Debug|Any CPU
		{EE77FD84-E970-415F-B4F2-1A3FE0EF79BE}.Debug|iPhone.ActiveCfg = Debug|Any CPU
		{EE77FD84-E970-415F-B4F2-1A3FE0EF79BE}.Debug|iPhone.Build.0 = Debug|Any CPU
		{EE77FD84-E970-415F-B4F2-1A3FE0EF79BE}.Debug|iPhoneSimulator.ActiveCfg = Debug|Any CPU
		{EE77FD84-E970-415F-B4F2-1A3FE0EF79BE}.Debug|iPhoneSimulator.Build.0 = Debug|Any CPU
		{EE77FD84-E970-415F-B4F2-1A3FE0EF79BE}.Release|Any CPU.ActiveCfg = Release|Any CPU
		{EE77FD84-E970-415F-B4F2-1A3FE0EF79BE}.Release|Any CPU.Build.0 = Release|Any CPU
		{EE77FD84-E970-415F-B4F2-1A3FE0EF79BE}.Release|iPhone.ActiveCfg = Release|Any CPU
		{EE77FD84-E970-415F-B4F2-1A3FE0EF79BE}.Release|iPhone.Build.0 = Release|Any CPU
		{EE77FD84-E970-415F-B4F2-1A3FE0EF79BE}.Release|iPhoneSimulator.ActiveCfg = Release|Any CPU
		{EE77FD84-E970-415F-B4F2-1A3FE0EF79BE}.Release|iPhoneSimulator.Build.0 = Release|Any CPU
	EndGlobalSection
	GlobalSection(SolutionProperties) = preSolution
		HideSolutionNode = FALSE
	EndGlobalSection
	GlobalSection(ExtensibilityGlobals) = postSolution
		SolutionGuid = {2FFD2687-6E03-4B4B-83F0-CC780C4780C8}
	EndGlobalSection
EndGlobal
